// !$*UTF8*$!
{
	archiveVersion = 1;
	classes = {
	};
	objectVersion = 56;
	objects = {

/* Begin PBXBuildFile section */
		110D4D682A88F45300895445 /* RepositoryLoader.swift in Sources */ = {isa = PBXBuildFile; fileRef = 110D4D672A88F45300895445 /* RepositoryLoader.swift */; };
		110D4D6A2A88F4A500895445 /* SearchRepositoryResult.swift in Sources */ = {isa = PBXBuildFile; fileRef = 110D4D692A88F4A500895445 /* SearchRepositoryResult.swift */; };
		112EA59F2A86164000D43045 /* AppDelegate.swift in Sources */ = {isa = PBXBuildFile; fileRef = 112EA59E2A86164000D43045 /* AppDelegate.swift */; };
		112EA5A12A86164000D43045 /* SceneDelegate.swift in Sources */ = {isa = PBXBuildFile; fileRef = 112EA5A02A86164000D43045 /* SceneDelegate.swift */; };
		112EA5A32A86164000D43045 /* RouterViewController.swift in Sources */ = {isa = PBXBuildFile; fileRef = 112EA5A22A86164000D43045 /* RouterViewController.swift */; };
		112EA5A62A86164000D43045 /* RouterViewController.storyboard in Resources */ = {isa = PBXBuildFile; fileRef = 112EA5A42A86164000D43045 /* RouterViewController.storyboard */; };
		112EA5A82A86164100D43045 /* Assets.xcassets in Resources */ = {isa = PBXBuildFile; fileRef = 112EA5A72A86164100D43045 /* Assets.xcassets */; };
		112EA5AB2A86164100D43045 /* LaunchScreen.storyboard in Resources */ = {isa = PBXBuildFile; fileRef = 112EA5A92A86164100D43045 /* LaunchScreen.storyboard */; };
		112EA5B32A861CD300D43045 /* ImageLoadViewController.swift in Sources */ = {isa = PBXBuildFile; fileRef = 112EA5B22A861CD300D43045 /* ImageLoadViewController.swift */; };
		112EA5B62A861CF500D43045 /* ImageLoadViewController.storyboard in Resources */ = {isa = PBXBuildFile; fileRef = 112EA5B52A861CF500D43045 /* ImageLoadViewController.storyboard */; };
		11ED5BB42A861FEC00F59926 /* JsonLoadViewController.storyboard in Resources */ = {isa = PBXBuildFile; fileRef = 11ED5BB32A861FEC00F59926 /* JsonLoadViewController.storyboard */; };
		11ED5BB62A861FF800F59926 /* JsonLoadViewController.swift in Sources */ = {isa = PBXBuildFile; fileRef = 11ED5BB52A861FF800F59926 /* JsonLoadViewController.swift */; };
		11ED5BB92A8667C800F59926 /* ImageLoader.swift in Sources */ = {isa = PBXBuildFile; fileRef = 11ED5BB82A8667C800F59926 /* ImageLoader.swift */; };
		11ED5BBC2A86682C00F59926 /* NetworkError.swift in Sources */ = {isa = PBXBuildFile; fileRef = 11ED5BBB2A86682C00F59926 /* NetworkError.swift */; };
/* End PBXBuildFile section */

/* Begin PBXFileReference section */
		110D4D672A88F45300895445 /* RepositoryLoader.swift */ = {isa = PBXFileReference; lastKnownFileType = sourcecode.swift; path = RepositoryLoader.swift; sourceTree = "<group>"; };
		110D4D692A88F4A500895445 /* SearchRepositoryResult.swift */ = {isa = PBXFileReference; lastKnownFileType = sourcecode.swift; path = SearchRepositoryResult.swift; sourceTree = "<group>"; };
		112EA59B2A86164000D43045 /* ZemiCampApp.app */ = {isa = PBXFileReference; explicitFileType = wrapper.application; includeInIndex = 0; path = ZemiCampApp.app; sourceTree = BUILT_PRODUCTS_DIR; };
		112EA59E2A86164000D43045 /* AppDelegate.swift */ = {isa = PBXFileReference; lastKnownFileType = sourcecode.swift; path = AppDelegate.swift; sourceTree = "<group>"; };
		112EA5A02A86164000D43045 /* SceneDelegate.swift */ = {isa = PBXFileReference; lastKnownFileType = sourcecode.swift; path = SceneDelegate.swift; sourceTree = "<group>"; };
		112EA5A22A86164000D43045 /* RouterViewController.swift */ = {isa = PBXFileReference; lastKnownFileType = sourcecode.swift; path = RouterViewController.swift; sourceTree = "<group>"; };
		112EA5A52A86164000D43045 /* Base */ = {isa = PBXFileReference; lastKnownFileType = file.storyboard; name = Base; path = Base.lproj/RouterViewController.storyboard; sourceTree = "<group>"; };
		112EA5A72A86164100D43045 /* Assets.xcassets */ = {isa = PBXFileReference; lastKnownFileType = folder.assetcatalog; path = Assets.xcassets; sourceTree = "<group>"; };
		112EA5AA2A86164100D43045 /* Base */ = {isa = PBXFileReference; lastKnownFileType = file.storyboard; name = Base; path = Base.lproj/LaunchScreen.storyboard; sourceTree = "<group>"; };
		112EA5AC2A86164100D43045 /* Info.plist */ = {isa = PBXFileReference; lastKnownFileType = text.plist.xml; path = Info.plist; sourceTree = "<group>"; };
		112EA5B22A861CD300D43045 /* ImageLoadViewController.swift */ = {isa = PBXFileReference; lastKnownFileType = sourcecode.swift; path = ImageLoadViewController.swift; sourceTree = "<group>"; };
		112EA5B52A861CF500D43045 /* ImageLoadViewController.storyboard */ = {isa = PBXFileReference; lastKnownFileType = file.storyboard; path = ImageLoadViewController.storyboard; sourceTree = "<group>"; };
		11ED5BB32A861FEC00F59926 /* JsonLoadViewController.storyboard */ = {isa = PBXFileReference; lastKnownFileType = file.storyboard; path = JsonLoadViewController.storyboard; sourceTree = "<group>"; };
		11ED5BB52A861FF800F59926 /* JsonLoadViewController.swift */ = {isa = PBXFileReference; lastKnownFileType = sourcecode.swift; path = JsonLoadViewController.swift; sourceTree = "<group>"; };
		11ED5BB82A8667C800F59926 /* ImageLoader.swift */ = {isa = PBXFileReference; lastKnownFileType = sourcecode.swift; path = ImageLoader.swift; sourceTree = "<group>"; };
		11ED5BBB2A86682C00F59926 /* NetworkError.swift */ = {isa = PBXFileReference; lastKnownFileType = sourcecode.swift; path = NetworkError.swift; sourceTree = "<group>"; };
/* End PBXFileReference section */

/* Begin PBXFrameworksBuildPhase section */
		112EA5982A86164000D43045 /* Frameworks */ = {
			isa = PBXFrameworksBuildPhase;
			buildActionMask = 2147483647;
			files = (
			);
			runOnlyForDeploymentPostprocessing = 0;
		};
/* End PBXFrameworksBuildPhase section */

/* Begin PBXGroup section */
		112EA5922A86164000D43045 = {
			isa = PBXGroup;
			children = (
				112EA59D2A86164000D43045 /* ZemiCampApp */,
				112EA59C2A86164000D43045 /* Products */,
			);
			sourceTree = "<group>";
		};
		112EA59C2A86164000D43045 /* Products */ = {
			isa = PBXGroup;
			children = (
				112EA59B2A86164000D43045 /* ZemiCampApp.app */,
			);
			name = Products;
			sourceTree = "<group>";
		};
		112EA59D2A86164000D43045 /* ZemiCampApp */ = {
			isa = PBXGroup;
			children = (
				112EA59E2A86164000D43045 /* AppDelegate.swift */,
				112EA5A02A86164000D43045 /* SceneDelegate.swift */,
				11ED5BBA2A86681A00F59926 /* Entity */,
				112EA5B42A861CE000D43045 /* View */,
				112EA5B72A861D0300D43045 /* Controller */,
				11ED5BB72A8667BB00F59926 /* Model */,
				112EA5A72A86164100D43045 /* Assets.xcassets */,
				112EA5A92A86164100D43045 /* LaunchScreen.storyboard */,
				112EA5AC2A86164100D43045 /* Info.plist */,
			);
			path = ZemiCampApp;
			sourceTree = "<group>";
		};
		112EA5B42A861CE000D43045 /* View */ = {
			isa = PBXGroup;
			children = (
				112EA5A42A86164000D43045 /* RouterViewController.storyboard */,
				112EA5B52A861CF500D43045 /* ImageLoadViewController.storyboard */,
				11ED5BB32A861FEC00F59926 /* JsonLoadViewController.storyboard */,
			);
			path = View;
			sourceTree = "<group>";
		};
		112EA5B72A861D0300D43045 /* Controller */ = {
			isa = PBXGroup;
			children = (
				112EA5A22A86164000D43045 /* RouterViewController.swift */,
				112EA5B22A861CD300D43045 /* ImageLoadViewController.swift */,
				11ED5BB52A861FF800F59926 /* JsonLoadViewController.swift */,
			);
			path = Controller;
			sourceTree = "<group>";
		};
		11ED5BB72A8667BB00F59926 /* Model */ = {
			isa = PBXGroup;
			children = (
				11ED5BB82A8667C800F59926 /* ImageLoader.swift */,
				110D4D672A88F45300895445 /* RepositoryLoader.swift */,
			);
			path = Model;
			sourceTree = "<group>";
		};
		11ED5BBA2A86681A00F59926 /* Entity */ = {
			isa = PBXGroup;
			children = (
				11ED5BBB2A86682C00F59926 /* NetworkError.swift */,
				110D4D692A88F4A500895445 /* SearchRepositoryResult.swift */,
			);
			path = Entity;
			sourceTree = "<group>";
		};
/* End PBXGroup section */

/* Begin PBXNativeTarget section */
		112EA59A2A86164000D43045 /* ZemiCampApp */ = {
			isa = PBXNativeTarget;
			buildConfigurationList = 112EA5AF2A86164100D43045 /* Build configuration list for PBXNativeTarget "ZemiCampApp" */;
			buildPhases = (
				112EA5972A86164000D43045 /* Sources */,
				112EA5982A86164000D43045 /* Frameworks */,
				112EA5992A86164000D43045 /* Resources */,
			);
			buildRules = (
			);
			dependencies = (
			);
			name = ZemiCampApp;
			productName = ZemiCampApp;
			productReference = 112EA59B2A86164000D43045 /* ZemiCampApp.app */;
			productType = "com.apple.product-type.application";
		};
/* End PBXNativeTarget section */

/* Begin PBXProject section */
		112EA5932A86164000D43045 /* Project object */ = {
			isa = PBXProject;
			attributes = {
				BuildIndependentTargetsInParallel = 1;
				LastSwiftUpdateCheck = 1430;
				LastUpgradeCheck = 1430;
				TargetAttributes = {
					112EA59A2A86164000D43045 = {
						CreatedOnToolsVersion = 14.3.1;
					};
				};
			};
			buildConfigurationList = 112EA5962A86164000D43045 /* Build configuration list for PBXProject "ZemiCampApp" */;
			compatibilityVersion = "Xcode 14.0";
			developmentRegion = en;
			hasScannedForEncodings = 0;
			knownRegions = (
				en,
				Base,
			);
			mainGroup = 112EA5922A86164000D43045;
			productRefGroup = 112EA59C2A86164000D43045 /* Products */;
			projectDirPath = "";
			projectRoot = "";
			targets = (
				112EA59A2A86164000D43045 /* ZemiCampApp */,
			);
		};
/* End PBXProject section */

/* Begin PBXResourcesBuildPhase section */
		112EA5992A86164000D43045 /* Resources */ = {
			isa = PBXResourcesBuildPhase;
			buildActionMask = 2147483647;
			files = (
				11ED5BB42A861FEC00F59926 /* JsonLoadViewController.storyboard in Resources */,
				112EA5AB2A86164100D43045 /* LaunchScreen.storyboard in Resources */,
				112EA5A82A86164100D43045 /* Assets.xcassets in Resources */,
				112EA5A62A86164000D43045 /* RouterViewController.storyboard in Resources */,
				112EA5B62A861CF500D43045 /* ImageLoadViewController.storyboard in Resources */,
			);
			runOnlyForDeploymentPostprocessing = 0;
		};
/* End PBXResourcesBuildPhase section */

/* Begin PBXSourcesBuildPhase section */
		112EA5972A86164000D43045 /* Sources */ = {
			isa = PBXSourcesBuildPhase;
			buildActionMask = 2147483647;
			files = (
				11ED5BBC2A86682C00F59926 /* NetworkError.swift in Sources */,
				11ED5BB62A861FF800F59926 /* JsonLoadViewController.swift in Sources */,
				112EA5A32A86164000D43045 /* RouterViewController.swift in Sources */,
				11ED5BB92A8667C800F59926 /* ImageLoader.swift in Sources */,
				110D4D682A88F45300895445 /* RepositoryLoader.swift in Sources */,
				112EA59F2A86164000D43045 /* AppDelegate.swift in Sources */,
				112EA5B32A861CD300D43045 /* ImageLoadViewController.swift in Sources */,
				110D4D6A2A88F4A500895445 /* SearchRepositoryResult.swift in Sources */,
				112EA5A12A86164000D43045 /* SceneDelegate.swift in Sources */,
			);
			runOnlyForDeploymentPostprocessing = 0;
		};
/* End PBXSourcesBuildPhase section */

/* Begin PBXVariantGroup section */
		112EA5A42A86164000D43045 /* RouterViewController.storyboard */ = {
			isa = PBXVariantGroup;
			children = (
				112EA5A52A86164000D43045 /* Base */,
			);
			name = RouterViewController.storyboard;
			sourceTree = "<group>";
		};
		112EA5A92A86164100D43045 /* LaunchScreen.storyboard */ = {
			isa = PBXVariantGroup;
			children = (
				112EA5AA2A86164100D43045 /* Base */,
			);
			name = LaunchScreen.storyboard;
			sourceTree = "<group>";
		};
/* End PBXVariantGroup section */

/* Begin XCBuildConfiguration section */
		112EA5AD2A86164100D43045 /* Debug */ = {
			isa = XCBuildConfiguration;
			buildSettings = {
				ALWAYS_SEARCH_USER_PATHS = NO;
				CLANG_ANALYZER_NONNULL = YES;
				CLANG_ANALYZER_NUMBER_OBJECT_CONVERSION = YES_AGGRESSIVE;
				CLANG_CXX_LANGUAGE_STANDARD = "gnu++20";
				CLANG_ENABLE_MODULES = YES;
				CLANG_ENABLE_OBJC_ARC = YES;
				CLANG_ENABLE_OBJC_WEAK = YES;
				CLANG_WARN_BLOCK_CAPTURE_AUTORELEASING = YES;
				CLANG_WARN_BOOL_CONVERSION = YES;
				CLANG_WARN_COMMA = YES;
				CLANG_WARN_CONSTANT_CONVERSION = YES;
				CLANG_WARN_DEPRECATED_OBJC_IMPLEMENTATIONS = YES;
				CLANG_WARN_DIRECT_OBJC_ISA_USAGE = YES_ERROR;
				CLANG_WARN_DOCUMENTATION_COMMENTS = YES;
				CLANG_WARN_EMPTY_BODY = YES;
				CLANG_WARN_ENUM_CONVERSION = YES;
				CLANG_WARN_INFINITE_RECURSION = YES;
				CLANG_WARN_INT_CONVERSION = YES;
				CLANG_WARN_NON_LITERAL_NULL_CONVERSION = YES;
				CLANG_WARN_OBJC_IMPLICIT_RETAIN_SELF = YES;
				CLANG_WARN_OBJC_LITERAL_CONVERSION = YES;
				CLANG_WARN_OBJC_ROOT_CLASS = YES_ERROR;
				CLANG_WARN_QUOTED_INCLUDE_IN_FRAMEWORK_HEADER = YES;
				CLANG_WARN_RANGE_LOOP_ANALYSIS = YES;
				CLANG_WARN_STRICT_PROTOTYPES = YES;
				CLANG_WARN_SUSPICIOUS_MOVE = YES;
				CLANG_WARN_UNGUARDED_AVAILABILITY = YES_AGGRESSIVE;
				CLANG_WARN_UNREACHABLE_CODE = YES;
				CLANG_WARN__DUPLICATE_METHOD_MATCH = YES;
				COPY_PHASE_STRIP = NO;
				DEBUG_INFORMATION_FORMAT = dwarf;
				ENABLE_STRICT_OBJC_MSGSEND = YES;
				ENABLE_TESTABILITY = YES;
				GCC_C_LANGUAGE_STANDARD = gnu11;
				GCC_DYNAMIC_NO_PIC = NO;
				GCC_NO_COMMON_BLOCKS = YES;
				GCC_OPTIMIZATION_LEVEL = 0;
				GCC_PREPROCESSOR_DEFINITIONS = (
					"DEBUG=1",
					"$(inherited)",
				);
				GCC_WARN_64_TO_32_BIT_CONVERSION = YES;
				GCC_WARN_ABOUT_RETURN_TYPE = YES_ERROR;
				GCC_WARN_UNDECLARED_SELECTOR = YES;
				GCC_WARN_UNINITIALIZED_AUTOS = YES_AGGRESSIVE;
				GCC_WARN_UNUSED_FUNCTION = YES;
				GCC_WARN_UNUSED_VARIABLE = YES;
				IPHONEOS_DEPLOYMENT_TARGET = 15.0;
				MTL_ENABLE_DEBUG_INFO = INCLUDE_SOURCE;
				MTL_FAST_MATH = YES;
				ONLY_ACTIVE_ARCH = YES;
				SDKROOT = iphoneos;
				SWIFT_ACTIVE_COMPILATION_CONDITIONS = DEBUG;
				SWIFT_OPTIMIZATION_LEVEL = "-Onone";
			};
			name = Debug;
		};
		112EA5AE2A86164100D43045 /* Release */ = {
			isa = XCBuildConfiguration;
			buildSettings = {
				ALWAYS_SEARCH_USER_PATHS = NO;
				CLANG_ANALYZER_NONNULL = YES;
				CLANG_ANALYZER_NUMBER_OBJECT_CONVERSION = YES_AGGRESSIVE;
				CLANG_CXX_LANGUAGE_STANDARD = "gnu++20";
				CLANG_ENABLE_MODULES = YES;
				CLANG_ENABLE_OBJC_ARC = YES;
				CLANG_ENABLE_OBJC_WEAK = YES;
				CLANG_WARN_BLOCK_CAPTURE_AUTORELEASING = YES;
				CLANG_WARN_BOOL_CONVERSION = YES;
				CLANG_WARN_COMMA = YES;
				CLANG_WARN_CONSTANT_CONVERSION = YES;
				CLANG_WARN_DEPRECATED_OBJC_IMPLEMENTATIONS = YES;
				CLANG_WARN_DIRECT_OBJC_ISA_USAGE = YES_ERROR;
				CLANG_WARN_DOCUMENTATION_COMMENTS = YES;
				CLANG_WARN_EMPTY_BODY = YES;
				CLANG_WARN_ENUM_CONVERSION = YES;
				CLANG_WARN_INFINITE_RECURSION = YES;
				CLANG_WARN_INT_CONVERSION = YES;
				CLANG_WARN_NON_LITERAL_NULL_CONVERSION = YES;
				CLANG_WARN_OBJC_IMPLICIT_RETAIN_SELF = YES;
				CLANG_WARN_OBJC_LITERAL_CONVERSION = YES;
				CLANG_WARN_OBJC_ROOT_CLASS = YES_ERROR;
				CLANG_WARN_QUOTED_INCLUDE_IN_FRAMEWORK_HEADER = YES;
				CLANG_WARN_RANGE_LOOP_ANALYSIS = YES;
				CLANG_WARN_STRICT_PROTOTYPES = YES;
				CLANG_WARN_SUSPICIOUS_MOVE = YES;
				CLANG_WARN_UNGUARDED_AVAILABILITY = YES_AGGRESSIVE;
				CLANG_WARN_UNREACHABLE_CODE = YES;
				CLANG_WARN__DUPLICATE_METHOD_MATCH = YES;
				COPY_PHASE_STRIP = NO;
				DEBUG_INFORMATION_FORMAT = "dwarf-with-dsym";
				ENABLE_NS_ASSERTIONS = NO;
				ENABLE_STRICT_OBJC_MSGSEND = YES;
				GCC_C_LANGUAGE_STANDARD = gnu11;
				GCC_NO_COMMON_BLOCKS = YES;
				GCC_WARN_64_TO_32_BIT_CONVERSION = YES;
				GCC_WARN_ABOUT_RETURN_TYPE = YES_ERROR;
				GCC_WARN_UNDECLARED_SELECTOR = YES;
				GCC_WARN_UNINITIALIZED_AUTOS = YES_AGGRESSIVE;
				GCC_WARN_UNUSED_FUNCTION = YES;
				GCC_WARN_UNUSED_VARIABLE = YES;
				IPHONEOS_DEPLOYMENT_TARGET = 15.0;
				MTL_ENABLE_DEBUG_INFO = NO;
				MTL_FAST_MATH = YES;
				SDKROOT = iphoneos;
				SWIFT_COMPILATION_MODE = wholemodule;
				SWIFT_OPTIMIZATION_LEVEL = "-O";
				VALIDATE_PRODUCT = YES;
			};
			name = Release;
		};
		112EA5B02A86164100D43045 /* Debug */ = {
			isa = XCBuildConfiguration;
			buildSettings = {
				ASSETCATALOG_COMPILER_APPICON_NAME = AppIcon;
				ASSETCATALOG_COMPILER_GLOBAL_ACCENT_COLOR_NAME = AccentColor;
				CODE_SIGN_STYLE = Automatic;
				CURRENT_PROJECT_VERSION = 1;
				DEVELOPMENT_TEAM = KT557Q945S;
				GENERATE_INFOPLIST_FILE = YES;
				INFOPLIST_FILE = ZemiCampApp/Info.plist;
				INFOPLIST_KEY_UIApplicationSupportsIndirectInputEvents = YES;
				INFOPLIST_KEY_UILaunchStoryboardName = LaunchScreen;
				INFOPLIST_KEY_UIMainStoryboardFile = RouterViewController;
				INFOPLIST_KEY_UISupportedInterfaceOrientations = UIInterfaceOrientationPortrait;
				IPHONEOS_DEPLOYMENT_TARGET = 15.0;
				LD_RUNPATH_SEARCH_PATHS = (
					"$(inherited)",
					"@executable_path/Frameworks",
				);
				MARKETING_VERSION = 1.0;
				PRODUCT_BUNDLE_IDENTIFIER = com.kuroda.ZemiCampApp;
				PRODUCT_NAME = "$(TARGET_NAME)";
				SUPPORTED_PLATFORMS = "iphoneos iphonesimulator";
				SUPPORTS_MACCATALYST = NO;
				SUPPORTS_MAC_DESIGNED_FOR_IPHONE_IPAD = NO;
				SWIFT_EMIT_LOC_STRINGS = YES;
				SWIFT_VERSION = 5.0;
				TARGETED_DEVICE_FAMILY = "1,2";
			};
			name = Debug;
		};
		112EA5B12A86164100D43045 /* Release */ = {
			isa = XCBuildConfiguration;
			buildSettings = {
				ASSETCATALOG_COMPILER_APPICON_NAME = AppIcon;
				ASSETCATALOG_COMPILER_GLOBAL_ACCENT_COLOR_NAME = AccentColor;
				CODE_SIGN_STYLE = Automatic;
				CURRENT_PROJECT_VERSION = 1;
				DEVELOPMENT_TEAM = KT557Q945S;
				GENERATE_INFOPLIST_FILE = YES;
				INFOPLIST_FILE = ZemiCampApp/Info.plist;
				INFOPLIST_KEY_UIApplicationSupportsIndirectInputEvents = YES;
				INFOPLIST_KEY_UILaunchStoryboardName = LaunchScreen;
				INFOPLIST_KEY_UIMainStoryboardFile = RouterViewController;
				INFOPLIST_KEY_UISupportedInterfaceOrientations = UIInterfaceOrientationPortrait;
				IPHONEOS_DEPLOYMENT_TARGET = 15.0;
				LD_RUNPATH_SEARCH_PATHS = (
					"$(inherited)",
					"@executable_path/Frameworks",
				);
				MARKETING_VERSION = 1.0;
				PRODUCT_BUNDLE_IDENTIFIER = com.kuroda.ZemiCampApp;
				PRODUCT_NAME = "$(TARGET_NAME)";
				SUPPORTED_PLATFORMS = "iphoneos iphonesimulator";
				SUPPORTS_MACCATALYST = NO;
				SUPPORTS_MAC_DESIGNED_FOR_IPHONE_IPAD = NO;
				SWIFT_EMIT_LOC_STRINGS = YES;
				SWIFT_VERSION = 5.0;
				TARGETED_DEVICE_FAMILY = "1,2";
			};
			name = Release;
		};
/* End XCBuildConfiguration section */

/* Begin XCConfigurationList section */
		112EA5962A86164000D43045 /* Build configuration list for PBXProject "ZemiCampApp" */ = {
			isa = XCConfigurationList;
			buildConfigurations = (
				112EA5AD2A86164100D43045 /* Debug */,
				112EA5AE2A86164100D43045 /* Release */,
			);
			defaultConfigurationIsVisible = 0;
			defaultConfigurationName = Release;
		};
		112EA5AF2A86164100D43045 /* Build configuration list for PBXNativeTarget "ZemiCampApp" */ = {
			isa = XCConfigurationList;
			buildConfigurations = (
				112EA5B02A86164100D43045 /* Debug */,
				112EA5B12A86164100D43045 /* Release */,
			);
			defaultConfigurationIsVisible = 0;
			defaultConfigurationName = Release;
		};
/* End XCConfigurationList section */
	};
	rootObject = 112EA5932A86164000D43045 /* Project object */;
}
